
Microsoft Visual Studio Solution File, Format Version 12.00
# Visual Studio 15
VisualStudioVersion = 15.0.26403.0
MinimumVisualStudioVersion = 10.0.40219.1
Project("{FAE04EC0-301F-11D3-BF4B-00C04F79EFBC}") = "01.SoftUniCoffeeOrders", "01.SoftUniCoffeeOrders\01.SoftUniCoffeeOrders.csproj", "{E0D4B500-3953-40CA-9CBE-51C5D54D76AA}"
EndProject
Project("{FAE04EC0-301F-11D3-BF4B-00C04F79EFBC}") = "02.CommandInterpreter", "02.CommandInterpreter\02.CommandInterpreter.csproj", "{C6517145-86FA-421A-8B28-DE9E22F40FC5}"
EndProject
Project("{FAE04EC0-301F-11D3-BF4B-00C04F79EFBC}") = "03.RageQuit", "03.RageQuit\03.RageQuit.csproj", "{D9A0F26F-DD7B-4258-96F2-896C49646C8F}"
EndProject
Project("{FAE04EC0-301F-11D3-BF4B-00C04F79EFBC}") = "04.Files", "04.Files\04.Files.csproj", "{9A10D741-8B0F-4230-B920-84017D74D07A}"
EndProject
Global
	GlobalSection(SolutionConfigurationPlatforms) = preSolution
		Debug|Any CPU = Debug|Any CPU
		Release|Any CPU = Release|Any CPU
	EndGlobalSection
	GlobalSection(ProjectConfigurationPlatforms) = postSolution
		{E0D4B500-3953-40CA-9CBE-51C5D54D76AA}.Debug|Any CPU.ActiveCfg = Debug|Any CPU
		{E0D4B500-3953-40CA-9CBE-51C5D54D76AA}.Debug|Any CPU.Build.0 = Debug|Any CPU
		{E0D4B500-3953-40CA-9CBE-51C5D54D76AA}.Release|Any CPU.ActiveCfg = Release|Any CPU
		{E0D4B500-3953-40CA-9CBE-51C5D54D76AA}.Release|Any CPU.Build.0 = Release|Any CPU
		{C6517145-86FA-421A-8B28-DE9E22F40FC5}.Debug|Any CPU.ActiveCfg = Debug|Any CPU
		{C6517145-86FA-421A-8B28-DE9E22F40FC5}.Debug|Any CPU.Build.0 = Debug|Any CPU
		{C6517145-86FA-421A-8B28-DE9E22F40FC5}.Release|Any CPU.ActiveCfg = Release|Any CPU
		{C6517145-86FA-421A-8B28-DE9E22F40FC5}.Release|Any CPU.Build.0 = Release|Any CPU
		{D9A0F26F-DD7B-4258-96F2-896C49646C8F}.Debug|Any CPU.ActiveCfg = Debug|Any CPU
		{D9A0F26F-DD7B-4258-96F2-896C49646C8F}.Debug|Any CPU.Build.0 = Debug|Any CPU
		{D9A0F26F-DD7B-4258-96F2-896C49646C8F}.Release|Any CPU.ActiveCfg = Release|Any CPU
		{D9A0F26F-DD7B-4258-96F2-896C49646C8F}.Release|Any CPU.Build.0 = Release|Any CPU
		{9A10D741-8B0F-4230-B920-84017D74D07A}.Debug|Any CPU.ActiveCfg = Debug|Any CPU
		{9A10D741-8B0F-4230-B920-84017D74D07A}.Debug|Any CPU.Build.0 = Debug|Any CPU
		{9A10D741-8B0F-4230-B920-84017D74D07A}.Release|Any CPU.ActiveCfg = Release|Any CPU
		{9A10D741-8B0F-4230-B920-84017D74D07A}.Release|Any CPU.Build.0 = Release|Any CPU
	EndGlobalSection
	GlobalSection(SolutionProperties) = preSolution
		HideSolutionNode = FALSE
	EndGlobalSection
EndGlobal
