
Microsoft Visual Studio Solution File, Format Version 12.00
# Visual Studio 15
VisualStudioVersion = 15.0.26403.0
MinimumVisualStudioVersion = 10.0.40219.1
Project("{FAE04EC0-301F-11D3-BF4B-00C04F79EFBC}") = "01.TheaThePhotographer", "01.TheaThePhotographer\01.TheaThePhotographer.csproj", "{E8483469-5996-4435-BE68-138E0F263DAF}"
EndProject
Project("{FAE04EC0-301F-11D3-BF4B-00C04F79EFBC}") = "02.TrophonTheGrumpyCat", "02.TrophonTheGrumpyCat\02.TrophonTheGrumpyCat.csproj", "{F19CF212-E5B6-4ACB-9819-063946536129}"
EndProject
Global
	GlobalSection(SolutionConfigurationPlatforms) = preSolution
		Debug|Any CPU = Debug|Any CPU
		Release|Any CPU = Release|Any CPU
	EndGlobalSection
	GlobalSection(ProjectConfigurationPlatforms) = postSolution
		{E8483469-5996-4435-BE68-138E0F263DAF}.Debug|Any CPU.ActiveCfg = Debug|Any CPU
		{E8483469-5996-4435-BE68-138E0F263DAF}.Debug|Any CPU.Build.0 = Debug|Any CPU
		{E8483469-5996-4435-BE68-138E0F263DAF}.Release|Any CPU.ActiveCfg = Release|Any CPU
		{E8483469-5996-4435-BE68-138E0F263DAF}.Release|Any CPU.Build.0 = Release|Any CPU
		{F19CF212-E5B6-4ACB-9819-063946536129}.Debug|Any CPU.ActiveCfg = Debug|Any CPU
		{F19CF212-E5B6-4ACB-9819-063946536129}.Debug|Any CPU.Build.0 = Debug|Any CPU
		{F19CF212-E5B6-4ACB-9819-063946536129}.Release|Any CPU.ActiveCfg = Release|Any CPU
		{F19CF212-E5B6-4ACB-9819-063946536129}.Release|Any CPU.Build.0 = Release|Any CPU
	EndGlobalSection
	GlobalSection(SolutionProperties) = preSolution
		HideSolutionNode = FALSE
	EndGlobalSection
EndGlobal
