
Microsoft Visual Studio Solution File, Format Version 12.00
# Visual Studio 15
VisualStudioVersion = 15.0.26403.0
MinimumVisualStudioVersion = 10.0.40219.1
Project("{FAE04EC0-301F-11D3-BF4B-00C04F79EFBC}") = "01.CharityMarathon", "01.CharityMarathon\01.CharityMarathon.csproj", "{EACB7ED0-756C-4568-AFA7-8E1BFCBC2BF8}"
EndProject
Project("{FAE04EC0-301F-11D3-BF4B-00C04F79EFBC}") = "02.Ladybugs", "02.Ladybugs\02.Ladybugs.csproj", "{E66A9405-FEA7-45CA-8025-DFD55B520881}"
EndProject
Project("{FAE04EC0-301F-11D3-BF4B-00C04F79EFBC}") = "03.NetherRealms", "03.NetherRealms\03.NetherRealms.csproj", "{5CEE8AFB-1642-4112-9F4F-E4CB3B41CC96}"
EndProject
Global
	GlobalSection(SolutionConfigurationPlatforms) = preSolution
		Debug|Any CPU = Debug|Any CPU
		Release|Any CPU = Release|Any CPU
	EndGlobalSection
	GlobalSection(ProjectConfigurationPlatforms) = postSolution
		{EACB7ED0-756C-4568-AFA7-8E1BFCBC2BF8}.Debug|Any CPU.ActiveCfg = Debug|Any CPU
		{EACB7ED0-756C-4568-AFA7-8E1BFCBC2BF8}.Debug|Any CPU.Build.0 = Debug|Any CPU
		{EACB7ED0-756C-4568-AFA7-8E1BFCBC2BF8}.Release|Any CPU.ActiveCfg = Release|Any CPU
		{EACB7ED0-756C-4568-AFA7-8E1BFCBC2BF8}.Release|Any CPU.Build.0 = Release|Any CPU
		{E66A9405-FEA7-45CA-8025-DFD55B520881}.Debug|Any CPU.ActiveCfg = Debug|Any CPU
		{E66A9405-FEA7-45CA-8025-DFD55B520881}.Debug|Any CPU.Build.0 = Debug|Any CPU
		{E66A9405-FEA7-45CA-8025-DFD55B520881}.Release|Any CPU.ActiveCfg = Release|Any CPU
		{E66A9405-FEA7-45CA-8025-DFD55B520881}.Release|Any CPU.Build.0 = Release|Any CPU
		{5CEE8AFB-1642-4112-9F4F-E4CB3B41CC96}.Debug|Any CPU.ActiveCfg = Debug|Any CPU
		{5CEE8AFB-1642-4112-9F4F-E4CB3B41CC96}.Debug|Any CPU.Build.0 = Debug|Any CPU
		{5CEE8AFB-1642-4112-9F4F-E4CB3B41CC96}.Release|Any CPU.ActiveCfg = Release|Any CPU
		{5CEE8AFB-1642-4112-9F4F-E4CB3B41CC96}.Release|Any CPU.Build.0 = Release|Any CPU
	EndGlobalSection
	GlobalSection(SolutionProperties) = preSolution
		HideSolutionNode = FALSE
	EndGlobalSection
EndGlobal
