
Microsoft Visual Studio Solution File, Format Version 12.00
# Visual Studio 14
VisualStudioVersion = 14.0.25420.1
MinimumVisualStudioVersion = 10.0.40219.1
Project("{FAE04EC0-301F-11D3-BF4B-00C04F79EFBC}") = "01.MultiplyEvensByOdds", "Debugging and Troubleshooting Code\01.MultiplyEvensByOdds.csproj", "{980BD167-A0CE-488B-94CE-C13F6119BEBB}"
EndProject
Project("{FAE04EC0-301F-11D3-BF4B-00C04F79EFBC}") = "02.HolidaysBetweenTwoDates", "02.HolidaysBetweenTwoDates\02.HolidaysBetweenTwoDates.csproj", "{935BC5C7-2711-41EE-B45D-87641F2F66FC}"
EndProject
Project("{FAE04EC0-301F-11D3-BF4B-00C04F79EFBC}") = "03.PriceChangeAlert", "03.PriceChangeAlert\03.PriceChangeAlert.csproj", "{58724889-8AFA-4E71-BA69-78E20DFD415C}"
EndProject
Global
	GlobalSection(SolutionConfigurationPlatforms) = preSolution
		Debug|Any CPU = Debug|Any CPU
		Release|Any CPU = Release|Any CPU
	EndGlobalSection
	GlobalSection(ProjectConfigurationPlatforms) = postSolution
		{980BD167-A0CE-488B-94CE-C13F6119BEBB}.Debug|Any CPU.ActiveCfg = Debug|Any CPU
		{980BD167-A0CE-488B-94CE-C13F6119BEBB}.Debug|Any CPU.Build.0 = Debug|Any CPU
		{980BD167-A0CE-488B-94CE-C13F6119BEBB}.Release|Any CPU.ActiveCfg = Release|Any CPU
		{980BD167-A0CE-488B-94CE-C13F6119BEBB}.Release|Any CPU.Build.0 = Release|Any CPU
		{935BC5C7-2711-41EE-B45D-87641F2F66FC}.Debug|Any CPU.ActiveCfg = Debug|Any CPU
		{935BC5C7-2711-41EE-B45D-87641F2F66FC}.Debug|Any CPU.Build.0 = Debug|Any CPU
		{935BC5C7-2711-41EE-B45D-87641F2F66FC}.Release|Any CPU.ActiveCfg = Release|Any CPU
		{935BC5C7-2711-41EE-B45D-87641F2F66FC}.Release|Any CPU.Build.0 = Release|Any CPU
		{58724889-8AFA-4E71-BA69-78E20DFD415C}.Debug|Any CPU.ActiveCfg = Debug|Any CPU
		{58724889-8AFA-4E71-BA69-78E20DFD415C}.Debug|Any CPU.Build.0 = Debug|Any CPU
		{58724889-8AFA-4E71-BA69-78E20DFD415C}.Release|Any CPU.ActiveCfg = Release|Any CPU
		{58724889-8AFA-4E71-BA69-78E20DFD415C}.Release|Any CPU.Build.0 = Release|Any CPU
	EndGlobalSection
	GlobalSection(SolutionProperties) = preSolution
		HideSolutionNode = FALSE
	EndGlobalSection
EndGlobal
