
Microsoft Visual Studio Solution File, Format Version 12.00
# Visual Studio 14
VisualStudioVersion = 14.0.25420.1
MinimumVisualStudioVersion = 10.0.40219.1
Project("{FAE04EC0-301F-11D3-BF4B-00C04F79EFBC}") = "01.RemoveNegativesAndReverse", "ListsLAB\01.RemoveNegativesAndReverse.csproj", "{F1C6ABF1-0AE3-429C-A3D9-0ACF59BC6C61}"
EndProject
Project("{FAE04EC0-301F-11D3-BF4B-00C04F79EFBC}") = "02.AppendLists", "02.AppendLists\02.AppendLists.csproj", "{F8C0047D-2881-4643-856E-5B525105A784}"
EndProject
Project("{FAE04EC0-301F-11D3-BF4B-00C04F79EFBC}") = "03.SumAdjacentEqualNumbers", "03.SumAdjacentEqualNumbers\03.SumAdjacentEqualNumbers.csproj", "{E64014C0-7CB9-4807-B06A-12F2429D8F32}"
EndProject
Project("{FAE04EC0-301F-11D3-BF4B-00C04F79EFBC}") = "04.SplitByWordCasin", "04.SplitByWordCasin\04.SplitByWordCasin.csproj", "{5C6DC6AA-DC37-46C8-B941-E505B3978B3C}"
EndProject
Project("{FAE04EC0-301F-11D3-BF4B-00C04F79EFBC}") = "05.SortNumbers", "05.SortNumbers\05.SortNumbers.csproj", "{19C9E66F-111F-4F9A-83FF-FBBBBFD0C7E8}"
EndProject
Project("{FAE04EC0-301F-11D3-BF4B-00C04F79EFBC}") = "06.SquareNumbers", "06.SquareNumbers\06.SquareNumbers.csproj", "{6B795AB9-609E-4744-B048-432A25CFC456}"
EndProject
Project("{FAE04EC0-301F-11D3-BF4B-00C04F79EFBC}") = "07.CountNumbers", "07.CountNumbers\07.CountNumbers.csproj", "{746CAC89-E9BF-4AF1-BA76-E2F85CCC86D7}"
EndProject
Global
	GlobalSection(SolutionConfigurationPlatforms) = preSolution
		Debug|Any CPU = Debug|Any CPU
		Release|Any CPU = Release|Any CPU
	EndGlobalSection
	GlobalSection(ProjectConfigurationPlatforms) = postSolution
		{F1C6ABF1-0AE3-429C-A3D9-0ACF59BC6C61}.Debug|Any CPU.ActiveCfg = Debug|Any CPU
		{F1C6ABF1-0AE3-429C-A3D9-0ACF59BC6C61}.Debug|Any CPU.Build.0 = Debug|Any CPU
		{F1C6ABF1-0AE3-429C-A3D9-0ACF59BC6C61}.Release|Any CPU.ActiveCfg = Release|Any CPU
		{F1C6ABF1-0AE3-429C-A3D9-0ACF59BC6C61}.Release|Any CPU.Build.0 = Release|Any CPU
		{F8C0047D-2881-4643-856E-5B525105A784}.Debug|Any CPU.ActiveCfg = Debug|Any CPU
		{F8C0047D-2881-4643-856E-5B525105A784}.Debug|Any CPU.Build.0 = Debug|Any CPU
		{F8C0047D-2881-4643-856E-5B525105A784}.Release|Any CPU.ActiveCfg = Release|Any CPU
		{F8C0047D-2881-4643-856E-5B525105A784}.Release|Any CPU.Build.0 = Release|Any CPU
		{E64014C0-7CB9-4807-B06A-12F2429D8F32}.Debug|Any CPU.ActiveCfg = Debug|Any CPU
		{E64014C0-7CB9-4807-B06A-12F2429D8F32}.Debug|Any CPU.Build.0 = Debug|Any CPU
		{E64014C0-7CB9-4807-B06A-12F2429D8F32}.Release|Any CPU.ActiveCfg = Release|Any CPU
		{E64014C0-7CB9-4807-B06A-12F2429D8F32}.Release|Any CPU.Build.0 = Release|Any CPU
		{5C6DC6AA-DC37-46C8-B941-E505B3978B3C}.Debug|Any CPU.ActiveCfg = Debug|Any CPU
		{5C6DC6AA-DC37-46C8-B941-E505B3978B3C}.Debug|Any CPU.Build.0 = Debug|Any CPU
		{5C6DC6AA-DC37-46C8-B941-E505B3978B3C}.Release|Any CPU.ActiveCfg = Release|Any CPU
		{5C6DC6AA-DC37-46C8-B941-E505B3978B3C}.Release|Any CPU.Build.0 = Release|Any CPU
		{19C9E66F-111F-4F9A-83FF-FBBBBFD0C7E8}.Debug|Any CPU.ActiveCfg = Debug|Any CPU
		{19C9E66F-111F-4F9A-83FF-FBBBBFD0C7E8}.Debug|Any CPU.Build.0 = Debug|Any CPU
		{19C9E66F-111F-4F9A-83FF-FBBBBFD0C7E8}.Release|Any CPU.ActiveCfg = Release|Any CPU
		{19C9E66F-111F-4F9A-83FF-FBBBBFD0C7E8}.Release|Any CPU.Build.0 = Release|Any CPU
		{6B795AB9-609E-4744-B048-432A25CFC456}.Debug|Any CPU.ActiveCfg = Debug|Any CPU
		{6B795AB9-609E-4744-B048-432A25CFC456}.Debug|Any CPU.Build.0 = Debug|Any CPU
		{6B795AB9-609E-4744-B048-432A25CFC456}.Release|Any CPU.ActiveCfg = Release|Any CPU
		{6B795AB9-609E-4744-B048-432A25CFC456}.Release|Any CPU.Build.0 = Release|Any CPU
		{746CAC89-E9BF-4AF1-BA76-E2F85CCC86D7}.Debug|Any CPU.ActiveCfg = Debug|Any CPU
		{746CAC89-E9BF-4AF1-BA76-E2F85CCC86D7}.Debug|Any CPU.Build.0 = Debug|Any CPU
		{746CAC89-E9BF-4AF1-BA76-E2F85CCC86D7}.Release|Any CPU.ActiveCfg = Release|Any CPU
		{746CAC89-E9BF-4AF1-BA76-E2F85CCC86D7}.Release|Any CPU.Build.0 = Release|Any CPU
	EndGlobalSection
	GlobalSection(SolutionProperties) = preSolution
		HideSolutionNode = FALSE
	EndGlobalSection
EndGlobal
