
Microsoft Visual Studio Solution File, Format Version 12.00
# Visual Studio 15
VisualStudioVersion = 15.0.26403.0
MinimumVisualStudioVersion = 10.0.40219.1
Project("{FAE04EC0-301F-11D3-BF4B-00C04F79EFBC}") = "01.SweetDessert", "01.SweetDessert\01.SweetDessert.csproj", "{BAC35ACF-7E81-4B58-AA89-7B09097AD321}"
EndProject
Project("{FAE04EC0-301F-11D3-BF4B-00C04F79EFBC}") = "02.ArrayManipulator", "02.ArrayManipulator\02.ArrayManipulator.csproj", "{66F91851-B787-48A6-B8C3-2F349758668B}"
EndProject
Project("{FAE04EC0-301F-11D3-BF4B-00C04F79EFBC}") = "03.FootballStandings", "03.FootballStandings\03.FootballStandings.csproj", "{BE43A42C-EEF7-41E7-9287-744EBB5A8BFF}"
EndProject
Global
	GlobalSection(SolutionConfigurationPlatforms) = preSolution
		Debug|Any CPU = Debug|Any CPU
		Release|Any CPU = Release|Any CPU
	EndGlobalSection
	GlobalSection(ProjectConfigurationPlatforms) = postSolution
		{BAC35ACF-7E81-4B58-AA89-7B09097AD321}.Debug|Any CPU.ActiveCfg = Debug|Any CPU
		{BAC35ACF-7E81-4B58-AA89-7B09097AD321}.Debug|Any CPU.Build.0 = Debug|Any CPU
		{BAC35ACF-7E81-4B58-AA89-7B09097AD321}.Release|Any CPU.ActiveCfg = Release|Any CPU
		{BAC35ACF-7E81-4B58-AA89-7B09097AD321}.Release|Any CPU.Build.0 = Release|Any CPU
		{66F91851-B787-48A6-B8C3-2F349758668B}.Debug|Any CPU.ActiveCfg = Debug|Any CPU
		{66F91851-B787-48A6-B8C3-2F349758668B}.Debug|Any CPU.Build.0 = Debug|Any CPU
		{66F91851-B787-48A6-B8C3-2F349758668B}.Release|Any CPU.ActiveCfg = Release|Any CPU
		{66F91851-B787-48A6-B8C3-2F349758668B}.Release|Any CPU.Build.0 = Release|Any CPU
		{BE43A42C-EEF7-41E7-9287-744EBB5A8BFF}.Debug|Any CPU.ActiveCfg = Debug|Any CPU
		{BE43A42C-EEF7-41E7-9287-744EBB5A8BFF}.Debug|Any CPU.Build.0 = Debug|Any CPU
		{BE43A42C-EEF7-41E7-9287-744EBB5A8BFF}.Release|Any CPU.ActiveCfg = Release|Any CPU
		{BE43A42C-EEF7-41E7-9287-744EBB5A8BFF}.Release|Any CPU.Build.0 = Release|Any CPU
	EndGlobalSection
	GlobalSection(SolutionProperties) = preSolution
		HideSolutionNode = FALSE
	EndGlobalSection
EndGlobal
